// !$*UTF8*$!
{
	archiveVersion = 1;
	classes = {
	};
	objectVersion = 46;
	objects = {

/* Begin PBXBuildFile section */
		3B2A530B1E30573500F9C0A6 /* AppDelegate.swift in Sources */ = {isa = PBXBuildFile; fileRef = 3B2A530A1E30573500F9C0A6 /* AppDelegate.swift */; };
		3B2A530D1E30573500F9C0A6 /* ViewController.swift in Sources */ = {isa = PBXBuildFile; fileRef = 3B2A530C1E30573500F9C0A6 /* ViewController.swift */; };
		3B2A53101E30573500F9C0A6 /* Main.storyboard in Resources */ = {isa = PBXBuildFile; fileRef = 3B2A530E1E30573500F9C0A6 /* Main.storyboard */; };
		3B2A53131E30573500F9C0A6 /* insert.xcdatamodeld in Sources */ = {isa = PBXBuildFile; fileRef = 3B2A53111E30573500F9C0A6 /* insert.xcdatamodeld */; };
		3B2A53151E30573500F9C0A6 /* Assets.xcassets in Resources */ = {isa = PBXBuildFile; fileRef = 3B2A53141E30573500F9C0A6 /* Assets.xcassets */; };
		3B2A53181E30573500F9C0A6 /* LaunchScreen.storyboard in Resources */ = {isa = PBXBuildFile; fileRef = 3B2A53161E30573500F9C0A6 /* LaunchScreen.storyboard */; };
		3B2A53201E30624900F9C0A6 /* DatabaseController.swift in Sources */ = {isa = PBXBuildFile; fileRef = 3B2A531F1E30624900F9C0A6 /* DatabaseController.swift */; };
		3B2A53531E30734700F9C0A6 /* Insert+CoreDataClass.swift in Sources */ = {isa = PBXBuildFile; fileRef = 3B2A534F1E30734700F9C0A6 /* Insert+CoreDataClass.swift */; };
		3B2A53541E30734700F9C0A6 /* Insert+CoreDataProperties.swift in Sources */ = {isa = PBXBuildFile; fileRef = 3B2A53501E30734700F9C0A6 /* Insert+CoreDataProperties.swift */; };
		3B2A53551E30734700F9C0A6 /* GroupedInsert+CoreDataClass.swift in Sources */ = {isa = PBXBuildFile; fileRef = 3B2A53511E30734700F9C0A6 /* GroupedInsert+CoreDataClass.swift */; };
		3B2A53561E30734700F9C0A6 /* GroupedInsert+CoreDataProperties.swift in Sources */ = {isa = PBXBuildFile; fileRef = 3B2A53521E30734700F9C0A6 /* GroupedInsert+CoreDataProperties.swift */; };
		3B2A53591E307B6300F9C0A6 /* TableViewController.swift in Sources */ = {isa = PBXBuildFile; fileRef = 3B2A53581E307B6300F9C0A6 /* TableViewController.swift */; };
		3B2A535B1E307EFF00F9C0A6 /* InsertTableViewCell.swift in Sources */ = {isa = PBXBuildFile; fileRef = 3B2A535A1E307EFF00F9C0A6 /* InsertTableViewCell.swift */; };
		3B2A535D1E30874300F9C0A6 /* AddInsertViewController.swift in Sources */ = {isa = PBXBuildFile; fileRef = 3B2A535C1E30874300F9C0A6 /* AddInsertViewController.swift */; };
		3B5A3D721E3FDA2C00014260 /* ShareViewController.swift in Sources */ = {isa = PBXBuildFile; fileRef = 3B5A3D711E3FDA2C00014260 /* ShareViewController.swift */; };
		3B5A3D751E3FDA2C00014260 /* MainInterface.storyboard in Resources */ = {isa = PBXBuildFile; fileRef = 3B5A3D731E3FDA2C00014260 /* MainInterface.storyboard */; };
		3B5A3D791E3FDA2C00014260 /* ShareExtension.appex in Embed App Extensions */ = {isa = PBXBuildFile; fileRef = 3B5A3D6F1E3FDA2C00014260 /* ShareExtension.appex */; settings = {ATTRIBUTES = (RemoveHeadersOnCopy, ); }; };
		3B5A3D811E3FDB9300014260 /* ShareSelectViewController.swift in Sources */ = {isa = PBXBuildFile; fileRef = 3B5A3D801E3FDB9300014260 /* ShareSelectViewController.swift */; };
		3B5A3D831E3FDBCD00014260 /* GetURL.js in Resources */ = {isa = PBXBuildFile; fileRef = 3B5A3D821E3FDBCD00014260 /* GetURL.js */; };
		3B5A3D841E3FDD3300014260 /* Insert+CoreDataClass.swift in Sources */ = {isa = PBXBuildFile; fileRef = 3B2A534F1E30734700F9C0A6 /* Insert+CoreDataClass.swift */; };
		3B5A3D851E3FDD3700014260 /* Insert+CoreDataProperties.swift in Sources */ = {isa = PBXBuildFile; fileRef = 3B2A53501E30734700F9C0A6 /* Insert+CoreDataProperties.swift */; };
		3B5A3D861E3FDD3B00014260 /* GroupedInsert+CoreDataClass.swift in Sources */ = {isa = PBXBuildFile; fileRef = 3B2A53511E30734700F9C0A6 /* GroupedInsert+CoreDataClass.swift */; };
		3B5A3D871E3FDD3E00014260 /* GroupedInsert+CoreDataProperties.swift in Sources */ = {isa = PBXBuildFile; fileRef = 3B2A53521E30734700F9C0A6 /* GroupedInsert+CoreDataProperties.swift */; };
		3B5A3D881E3FDD4200014260 /* DatabaseController.swift in Sources */ = {isa = PBXBuildFile; fileRef = 3B2A531F1E30624900F9C0A6 /* DatabaseController.swift */; };
		3B5A3D891E3FDD4700014260 /* insert.xcdatamodeld in Sources */ = {isa = PBXBuildFile; fileRef = 3B2A53111E30573500F9C0A6 /* insert.xcdatamodeld */; };
		3BB02E461E3D378700AEA5BD /* GroupTableViewController.swift in Sources */ = {isa = PBXBuildFile; fileRef = 3BB02E451E3D378700AEA5BD /* GroupTableViewController.swift */; };
/* End PBXBuildFile section */

/* Begin PBXContainerItemProxy section */
		3B5A3D771E3FDA2C00014260 /* PBXContainerItemProxy */ = {
			isa = PBXContainerItemProxy;
			containerPortal = 3B2A52FF1E30573400F9C0A6 /* Project object */;
			proxyType = 1;
			remoteGlobalIDString = 3B5A3D6E1E3FDA2C00014260;
			remoteInfo = ShareExtension;
		};
/* End PBXContainerItemProxy section */

/* Begin PBXCopyFilesBuildPhase section */
		3B5A3D7D1E3FDA2C00014260 /* Embed App Extensions */ = {
			isa = PBXCopyFilesBuildPhase;
			buildActionMask = 2147483647;
			dstPath = "";
			dstSubfolderSpec = 13;
			files = (
				3B5A3D791E3FDA2C00014260 /* ShareExtension.appex in Embed App Extensions */,
			);
			name = "Embed App Extensions";
			runOnlyForDeploymentPostprocessing = 0;
		};
/* End PBXCopyFilesBuildPhase section */

/* Begin PBXFileReference section */
		3B2A53071E30573500F9C0A6 /* insert.app */ = {isa = PBXFileReference; explicitFileType = wrapper.application; includeInIndex = 0; path = insert.app; sourceTree = BUILT_PRODUCTS_DIR; };
		3B2A530A1E30573500F9C0A6 /* AppDelegate.swift */ = {isa = PBXFileReference; lastKnownFileType = sourcecode.swift; path = AppDelegate.swift; sourceTree = "<group>"; };
		3B2A530C1E30573500F9C0A6 /* ViewController.swift */ = {isa = PBXFileReference; lastKnownFileType = sourcecode.swift; path = ViewController.swift; sourceTree = "<group>"; };
		3B2A530F1E30573500F9C0A6 /* Base */ = {isa = PBXFileReference; lastKnownFileType = file.storyboard; name = Base; path = Base.lproj/Main.storyboard; sourceTree = "<group>"; };
		3B2A53121E30573500F9C0A6 /* insert.xcdatamodel */ = {isa = PBXFileReference; lastKnownFileType = wrapper.xcdatamodel; path = insert.xcdatamodel; sourceTree = "<group>"; };
		3B2A53141E30573500F9C0A6 /* Assets.xcassets */ = {isa = PBXFileReference; lastKnownFileType = folder.assetcatalog; path = Assets.xcassets; sourceTree = "<group>"; };
		3B2A53171E30573500F9C0A6 /* Base */ = {isa = PBXFileReference; lastKnownFileType = file.storyboard; name = Base; path = Base.lproj/LaunchScreen.storyboard; sourceTree = "<group>"; };
		3B2A53191E30573500F9C0A6 /* Info.plist */ = {isa = PBXFileReference; lastKnownFileType = text.plist.xml; path = Info.plist; sourceTree = "<group>"; };
		3B2A531F1E30624900F9C0A6 /* DatabaseController.swift */ = {isa = PBXFileReference; fileEncoding = 4; lastKnownFileType = sourcecode.swift; path = DatabaseController.swift; sourceTree = "<group>"; };
		3B2A534F1E30734700F9C0A6 /* Insert+CoreDataClass.swift */ = {isa = PBXFileReference; fileEncoding = 4; lastKnownFileType = sourcecode.swift; path = "Insert+CoreDataClass.swift"; sourceTree = "<group>"; };
		3B2A53501E30734700F9C0A6 /* Insert+CoreDataProperties.swift */ = {isa = PBXFileReference; fileEncoding = 4; lastKnownFileType = sourcecode.swift; path = "Insert+CoreDataProperties.swift"; sourceTree = "<group>"; };
		3B2A53511E30734700F9C0A6 /* GroupedInsert+CoreDataClass.swift */ = {isa = PBXFileReference; fileEncoding = 4; lastKnownFileType = sourcecode.swift; path = "GroupedInsert+CoreDataClass.swift"; sourceTree = "<group>"; };
		3B2A53521E30734700F9C0A6 /* GroupedInsert+CoreDataProperties.swift */ = {isa = PBXFileReference; fileEncoding = 4; lastKnownFileType = sourcecode.swift; path = "GroupedInsert+CoreDataProperties.swift"; sourceTree = "<group>"; };
		3B2A53581E307B6300F9C0A6 /* TableViewController.swift */ = {isa = PBXFileReference; fileEncoding = 4; lastKnownFileType = sourcecode.swift; path = TableViewController.swift; sourceTree = "<group>"; };
		3B2A535A1E307EFF00F9C0A6 /* InsertTableViewCell.swift */ = {isa = PBXFileReference; fileEncoding = 4; lastKnownFileType = sourcecode.swift; path = InsertTableViewCell.swift; sourceTree = "<group>"; };
		3B2A535C1E30874300F9C0A6 /* AddInsertViewController.swift */ = {isa = PBXFileReference; fileEncoding = 4; lastKnownFileType = sourcecode.swift; path = AddInsertViewController.swift; sourceTree = "<group>"; };
		3B5A3D6F1E3FDA2C00014260 /* ShareExtension.appex */ = {isa = PBXFileReference; explicitFileType = "wrapper.app-extension"; includeInIndex = 0; path = ShareExtension.appex; sourceTree = BUILT_PRODUCTS_DIR; };
		3B5A3D711E3FDA2C00014260 /* ShareViewController.swift */ = {isa = PBXFileReference; lastKnownFileType = sourcecode.swift; path = ShareViewController.swift; sourceTree = "<group>"; };
		3B5A3D741E3FDA2C00014260 /* Base */ = {isa = PBXFileReference; lastKnownFileType = file.storyboard; name = Base; path = Base.lproj/MainInterface.storyboard; sourceTree = "<group>"; };
		3B5A3D761E3FDA2C00014260 /* Info.plist */ = {isa = PBXFileReference; lastKnownFileType = text.plist.xml; path = Info.plist; sourceTree = "<group>"; };
		3B5A3D7E1E3FDA4C00014260 /* insert.entitlements */ = {isa = PBXFileReference; lastKnownFileType = text.plist.entitlements; path = insert.entitlements; sourceTree = "<group>"; };
		3B5A3D7F1E3FDA5B00014260 /* ShareExtension.entitlements */ = {isa = PBXFileReference; lastKnownFileType = text.plist.entitlements; path = ShareExtension.entitlements; sourceTree = "<group>"; };
		3B5A3D801E3FDB9300014260 /* ShareSelectViewController.swift */ = {isa = PBXFileReference; fileEncoding = 4; lastKnownFileType = sourcecode.swift; path = ShareSelectViewController.swift; sourceTree = "<group>"; };
		3B5A3D821E3FDBCD00014260 /* GetURL.js */ = {isa = PBXFileReference; fileEncoding = 4; lastKnownFileType = sourcecode.javascript; path = GetURL.js; sourceTree = "<group>"; };
		3BB02E451E3D378700AEA5BD /* GroupTableViewController.swift */ = {isa = PBXFileReference; fileEncoding = 4; lastKnownFileType = sourcecode.swift; path = GroupTableViewController.swift; sourceTree = "<group>"; };
/* End PBXFileReference section */

/* Begin PBXFrameworksBuildPhase section */
		3B2A53041E30573400F9C0A6 /* Frameworks */ = {
			isa = PBXFrameworksBuildPhase;
			buildActionMask = 2147483647;
			files = (
			);
			runOnlyForDeploymentPostprocessing = 0;
		};
		3B5A3D6C1E3FDA2C00014260 /* Frameworks */ = {
			isa = PBXFrameworksBuildPhase;
			buildActionMask = 2147483647;
			files = (
			);
			runOnlyForDeploymentPostprocessing = 0;
		};
/* End PBXFrameworksBuildPhase section */

/* Begin PBXGroup section */
		3B2A52FE1E30573400F9C0A6 = {
			isa = PBXGroup;
			children = (
				3B2A53091E30573500F9C0A6 /* insert */,
				3B5A3D701E3FDA2C00014260 /* ShareExtension */,
				3B2A53081E30573500F9C0A6 /* Products */,
			);
			sourceTree = "<group>";
		};
		3B2A53081E30573500F9C0A6 /* Products */ = {
			isa = PBXGroup;
			children = (
				3B2A53071E30573500F9C0A6 /* insert.app */,
				3B5A3D6F1E3FDA2C00014260 /* ShareExtension.appex */,
			);
			name = Products;
			sourceTree = "<group>";
		};
		3B2A53091E30573500F9C0A6 /* insert */ = {
			isa = PBXGroup;
			children = (
				3B5A3D7E1E3FDA4C00014260 /* insert.entitlements */,
				3B2A530A1E30573500F9C0A6 /* AppDelegate.swift */,
				3B2A530C1E30573500F9C0A6 /* ViewController.swift */,
				3B2A530E1E30573500F9C0A6 /* Main.storyboard */,
				3B2A53581E307B6300F9C0A6 /* TableViewController.swift */,
				3B2A535A1E307EFF00F9C0A6 /* InsertTableViewCell.swift */,
				3B2A535C1E30874300F9C0A6 /* AddInsertViewController.swift */,
				3BB02E451E3D378700AEA5BD /* GroupTableViewController.swift */,
				3B2A53141E30573500F9C0A6 /* Assets.xcassets */,
				3B2A53161E30573500F9C0A6 /* LaunchScreen.storyboard */,
				3B2A53191E30573500F9C0A6 /* Info.plist */,
				3B2A534E1E306FF500F9C0A6 /* Database */,
			);
			path = insert;
			sourceTree = "<group>";
		};
		3B2A534E1E306FF500F9C0A6 /* Database */ = {
			isa = PBXGroup;
			children = (
				3B2A53571E30735B00F9C0A6 /* Models */,
				3B2A531F1E30624900F9C0A6 /* DatabaseController.swift */,
				3B2A53111E30573500F9C0A6 /* insert.xcdatamodeld */,
			);
			name = Database;
			sourceTree = "<group>";
		};
		3B2A53571E30735B00F9C0A6 /* Models */ = {
			isa = PBXGroup;
			children = (
				3B2A534F1E30734700F9C0A6 /* Insert+CoreDataClass.swift */,
				3B2A53501E30734700F9C0A6 /* Insert+CoreDataProperties.swift */,
				3B2A53511E30734700F9C0A6 /* GroupedInsert+CoreDataClass.swift */,
				3B2A53521E30734700F9C0A6 /* GroupedInsert+CoreDataProperties.swift */,
			);
			name = Models;
			sourceTree = "<group>";
		};
		3B5A3D701E3FDA2C00014260 /* ShareExtension */ = {
			isa = PBXGroup;
			children = (
				3B5A3D7F1E3FDA5B00014260 /* ShareExtension.entitlements */,
				3B5A3D711E3FDA2C00014260 /* ShareViewController.swift */,
				3B5A3D821E3FDBCD00014260 /* GetURL.js */,
				3B5A3D731E3FDA2C00014260 /* MainInterface.storyboard */,
				3B5A3D761E3FDA2C00014260 /* Info.plist */,
				3B5A3D801E3FDB9300014260 /* ShareSelectViewController.swift */,
			);
			path = ShareExtension;
			sourceTree = "<group>";
		};
/* End PBXGroup section */

/* Begin PBXNativeTarget section */
		3B2A53061E30573400F9C0A6 /* insert */ = {
			isa = PBXNativeTarget;
			buildConfigurationList = 3B2A531C1E30573500F9C0A6 /* Build configuration list for PBXNativeTarget "insert" */;
			buildPhases = (
				3B2A53031E30573400F9C0A6 /* Sources */,
				3B2A53041E30573400F9C0A6 /* Frameworks */,
				3B2A53051E30573400F9C0A6 /* Resources */,
				3B5A3D7D1E3FDA2C00014260 /* Embed App Extensions */,
			);
			buildRules = (
			);
			dependencies = (
				3B5A3D781E3FDA2C00014260 /* PBXTargetDependency */,
			);
			name = insert;
			productName = insert;
			productReference = 3B2A53071E30573500F9C0A6 /* insert.app */;
			productType = "com.apple.product-type.application";
		};
		3B5A3D6E1E3FDA2C00014260 /* ShareExtension */ = {
			isa = PBXNativeTarget;
			buildConfigurationList = 3B5A3D7C1E3FDA2C00014260 /* Build configuration list for PBXNativeTarget "ShareExtension" */;
			buildPhases = (
				3B5A3D6B1E3FDA2C00014260 /* Sources */,
				3B5A3D6C1E3FDA2C00014260 /* Frameworks */,
				3B5A3D6D1E3FDA2C00014260 /* Resources */,
			);
			buildRules = (
			);
			dependencies = (
			);
			name = ShareExtension;
			productName = ShareExtension;
			productReference = 3B5A3D6F1E3FDA2C00014260 /* ShareExtension.appex */;
			productType = "com.apple.product-type.app-extension";
		};
/* End PBXNativeTarget section */

/* Begin PBXProject section */
		3B2A52FF1E30573400F9C0A6 /* Project object */ = {
			isa = PBXProject;
			attributes = {
				LastSwiftUpdateCheck = 0820;
				LastUpgradeCheck = 0820;
				ORGANIZATIONNAME = "David Johnson";
				TargetAttributes = {
					3B2A53061E30573400F9C0A6 = {
						CreatedOnToolsVersion = 8.2.1;
						DevelopmentTeam = Q9S3S8XXD4;
						ProvisioningStyle = Automatic;
						SystemCapabilities = {
							com.apple.ApplicationGroups.iOS = {
								enabled = 1;
							};
						};
					};
					3B5A3D6E1E3FDA2C00014260 = {
						CreatedOnToolsVersion = 8.2.1;
						DevelopmentTeam = Q9S3S8XXD4;
						ProvisioningStyle = Automatic;
						SystemCapabilities = {
							com.apple.ApplicationGroups.iOS = {
								enabled = 1;
							};
						};
					};
				};
			};
			buildConfigurationList = 3B2A53021E30573400F9C0A6 /* Build configuration list for PBXProject "insert" */;
			compatibilityVersion = "Xcode 3.2";
			developmentRegion = English;
			hasScannedForEncodings = 0;
			knownRegions = (
				en,
				Base,
			);
			mainGroup = 3B2A52FE1E30573400F9C0A6;
			productRefGroup = 3B2A53081E30573500F9C0A6 /* Products */;
			projectDirPath = "";
			projectRoot = "";
			targets = (
				3B2A53061E30573400F9C0A6 /* insert */,
				3B5A3D6E1E3FDA2C00014260 /* ShareExtension */,
			);
		};
/* End PBXProject section */

/* Begin PBXResourcesBuildPhase section */
		3B2A53051E30573400F9C0A6 /* Resources */ = {
			isa = PBXResourcesBuildPhase;
			buildActionMask = 2147483647;
			files = (
				3B2A53181E30573500F9C0A6 /* LaunchScreen.storyboard in Resources */,
				3B2A53151E30573500F9C0A6 /* Assets.xcassets in Resources */,
				3B2A53101E30573500F9C0A6 /* Main.storyboard in Resources */,
			);
			runOnlyForDeploymentPostprocessing = 0;
		};
		3B5A3D6D1E3FDA2C00014260 /* Resources */ = {
			isa = PBXResourcesBuildPhase;
			buildActionMask = 2147483647;
			files = (
				3B5A3D751E3FDA2C00014260 /* MainInterface.storyboard in Resources */,
				3B5A3D831E3FDBCD00014260 /* GetURL.js in Resources */,
			);
			runOnlyForDeploymentPostprocessing = 0;
		};
/* End PBXResourcesBuildPhase section */

/* Begin PBXSourcesBuildPhase section */
		3B2A53031E30573400F9C0A6 /* Sources */ = {
			isa = PBXSourcesBuildPhase;
			buildActionMask = 2147483647;
			files = (
				3B2A535B1E307EFF00F9C0A6 /* InsertTableViewCell.swift in Sources */,
				3B2A53201E30624900F9C0A6 /* DatabaseController.swift in Sources */,
				3B2A530D1E30573500F9C0A6 /* ViewController.swift in Sources */,
				3B2A53541E30734700F9C0A6 /* Insert+CoreDataProperties.swift in Sources */,
				3B2A53131E30573500F9C0A6 /* insert.xcdatamodeld in Sources */,
				3BB02E461E3D378700AEA5BD /* GroupTableViewController.swift in Sources */,
				3B2A530B1E30573500F9C0A6 /* AppDelegate.swift in Sources */,
				3B2A53531E30734700F9C0A6 /* Insert+CoreDataClass.swift in Sources */,
				3B2A53551E30734700F9C0A6 /* GroupedInsert+CoreDataClass.swift in Sources */,
				3B2A535D1E30874300F9C0A6 /* AddInsertViewController.swift in Sources */,
				3B2A53591E307B6300F9C0A6 /* TableViewController.swift in Sources */,
				3B2A53561E30734700F9C0A6 /* GroupedInsert+CoreDataProperties.swift in Sources */,
			);
			runOnlyForDeploymentPostprocessing = 0;
		};
		3B5A3D6B1E3FDA2C00014260 /* Sources */ = {
			isa = PBXSourcesBuildPhase;
			buildActionMask = 2147483647;
			files = (
				3B5A3D891E3FDD4700014260 /* insert.xcdatamodeld in Sources */,
				3B5A3D841E3FDD3300014260 /* Insert+CoreDataClass.swift in Sources */,
				3B5A3D811E3FDB9300014260 /* ShareSelectViewController.swift in Sources */,
				3B5A3D851E3FDD3700014260 /* Insert+CoreDataProperties.swift in Sources */,
				3B5A3D721E3FDA2C00014260 /* ShareViewController.swift in Sources */,
				3B5A3D861E3FDD3B00014260 /* GroupedInsert+CoreDataClass.swift in Sources */,
				3B5A3D871E3FDD3E00014260 /* GroupedInsert+CoreDataProperties.swift in Sources */,
				3B5A3D881E3FDD4200014260 /* DatabaseController.swift in Sources */,
			);
			runOnlyForDeploymentPostprocessing = 0;
		};
/* End PBXSourcesBuildPhase section */

/* Begin PBXTargetDependency section */
		3B5A3D781E3FDA2C00014260 /* PBXTargetDependency */ = {
			isa = PBXTargetDependency;
			target = 3B5A3D6E1E3FDA2C00014260 /* ShareExtension */;
			targetProxy = 3B5A3D771E3FDA2C00014260 /* PBXContainerItemProxy */;
		};
/* End PBXTargetDependency section */

/* Begin PBXVariantGroup section */
		3B2A530E1E30573500F9C0A6 /* Main.storyboard */ = {
			isa = PBXVariantGroup;
			children = (
				3B2A530F1E30573500F9C0A6 /* Base */,
			);
			name = Main.storyboard;
			sourceTree = "<group>";
		};
		3B2A53161E30573500F9C0A6 /* LaunchScreen.storyboard */ = {
			isa = PBXVariantGroup;
			children = (
				3B2A53171E30573500F9C0A6 /* Base */,
			);
			name = LaunchScreen.storyboard;
			sourceTree = "<group>";
		};
		3B5A3D731E3FDA2C00014260 /* MainInterface.storyboard */ = {
			isa = PBXVariantGroup;
			children = (
				3B5A3D741E3FDA2C00014260 /* Base */,
			);
			name = MainInterface.storyboard;
			sourceTree = "<group>";
		};
/* End PBXVariantGroup section */

/* Begin XCBuildConfiguration section */
		3B2A531A1E30573500F9C0A6 /* Debug */ = {
			isa = XCBuildConfiguration;
			buildSettings = {
				ALWAYS_SEARCH_USER_PATHS = NO;
				CLANG_ANALYZER_NONNULL = YES;
				CLANG_CXX_LANGUAGE_STANDARD = "gnu++0x";
				CLANG_CXX_LIBRARY = "libc++";
				CLANG_ENABLE_MODULES = YES;
				CLANG_ENABLE_OBJC_ARC = YES;
				CLANG_WARN_BOOL_CONVERSION = YES;
				CLANG_WARN_CONSTANT_CONVERSION = YES;
				CLANG_WARN_DIRECT_OBJC_ISA_USAGE = YES_ERROR;
				CLANG_WARN_DOCUMENTATION_COMMENTS = YES;
				CLANG_WARN_EMPTY_BODY = YES;
				CLANG_WARN_ENUM_CONVERSION = YES;
				CLANG_WARN_INFINITE_RECURSION = YES;
				CLANG_WARN_INT_CONVERSION = YES;
				CLANG_WARN_OBJC_ROOT_CLASS = YES_ERROR;
				CLANG_WARN_SUSPICIOUS_MOVE = YES;
				CLANG_WARN_UNREACHABLE_CODE = YES;
				CLANG_WARN__DUPLICATE_METHOD_MATCH = YES;
				"CODE_SIGN_IDENTITY[sdk=iphoneos*]" = "iPhone Developer";
				COPY_PHASE_STRIP = NO;
				DEBUG_INFORMATION_FORMAT = dwarf;
				ENABLE_STRICT_OBJC_MSGSEND = YES;
				ENABLE_TESTABILITY = YES;
				GCC_C_LANGUAGE_STANDARD = gnu99;
				GCC_DYNAMIC_NO_PIC = NO;
				GCC_NO_COMMON_BLOCKS = YES;
				GCC_OPTIMIZATION_LEVEL = 0;
				GCC_PREPROCESSOR_DEFINITIONS = (
					"DEBUG=1",
					"$(inherited)",
				);
				GCC_WARN_64_TO_32_BIT_CONVERSION = YES;
				GCC_WARN_ABOUT_RETURN_TYPE = YES_ERROR;
				GCC_WARN_UNDECLARED_SELECTOR = YES;
				GCC_WARN_UNINITIALIZED_AUTOS = YES_AGGRESSIVE;
				GCC_WARN_UNUSED_FUNCTION = YES;
				GCC_WARN_UNUSED_VARIABLE = YES;
				IPHONEOS_DEPLOYMENT_TARGET = 10.2;
				MTL_ENABLE_DEBUG_INFO = YES;
				ONLY_ACTIVE_ARCH = YES;
				SDKROOT = iphoneos;
				SWIFT_ACTIVE_COMPILATION_CONDITIONS = DEBUG;
				SWIFT_OPTIMIZATION_LEVEL = "-Onone";
				TARGETED_DEVICE_FAMILY = "1,2";
			};
			name = Debug;
		};
		3B2A531B1E30573500F9C0A6 /* Release */ = {
			isa = XCBuildConfiguration;
			buildSettings = {
				ALWAYS_SEARCH_USER_PATHS = NO;
				CLANG_ANALYZER_NONNULL = YES;
				CLANG_CXX_LANGUAGE_STANDARD = "gnu++0x";
				CLANG_CXX_LIBRARY = "libc++";
				CLANG_ENABLE_MODULES = YES;
				CLANG_ENABLE_OBJC_ARC = YES;
				CLANG_WARN_BOOL_CONVERSION = YES;
				CLANG_WARN_CONSTANT_CONVERSION = YES;
				CLANG_WARN_DIRECT_OBJC_ISA_USAGE = YES_ERROR;
				CLANG_WARN_DOCUMENTATION_COMMENTS = YES;
				CLANG_WARN_EMPTY_BODY = YES;
				CLANG_WARN_ENUM_CONVERSION = YES;
				CLANG_WARN_INFINITE_RECURSION = YES;
				CLANG_WARN_INT_CONVERSION = YES;
				CLANG_WARN_OBJC_ROOT_CLASS = YES_ERROR;
				CLANG_WARN_SUSPICIOUS_MOVE = YES;
				CLANG_WARN_UNREACHABLE_CODE = YES;
				CLANG_WARN__DUPLICATE_METHOD_MATCH = YES;
				"CODE_SIGN_IDENTITY[sdk=iphoneos*]" = "iPhone Developer";
				COPY_PHASE_STRIP = NO;
				DEBUG_INFORMATION_FORMAT = "dwarf-with-dsym";
				ENABLE_NS_ASSERTIONS = NO;
				ENABLE_STRICT_OBJC_MSGSEND = YES;
				GCC_C_LANGUAGE_STANDARD = gnu99;
				GCC_NO_COMMON_BLOCKS = YES;
				GCC_WARN_64_TO_32_BIT_CONVERSION = YES;
				GCC_WARN_ABOUT_RETURN_TYPE = YES_ERROR;
				GCC_WARN_UNDECLARED_SELECTOR = YES;
				GCC_WARN_UNINITIALIZED_AUTOS = YES_AGGRESSIVE;
				GCC_WARN_UNUSED_FUNCTION = YES;
				GCC_WARN_UNUSED_VARIABLE = YES;
				IPHONEOS_DEPLOYMENT_TARGET = 10.2;
				MTL_ENABLE_DEBUG_INFO = NO;
				SDKROOT = iphoneos;
				SWIFT_OPTIMIZATION_LEVEL = "-Owholemodule";
				TARGETED_DEVICE_FAMILY = "1,2";
				VALIDATE_PRODUCT = YES;
			};
			name = Release;
		};
		3B2A531D1E30573500F9C0A6 /* Debug */ = {
			isa = XCBuildConfiguration;
			buildSettings = {
				ALWAYS_EMBED_SWIFT_STANDARD_LIBRARIES = YES;
				ASSETCATALOG_COMPILER_APPICON_NAME = AppIcon;
				CODE_SIGN_ENTITLEMENTS = insert/insert.entitlements;
				DEVELOPMENT_TEAM = Q9S3S8XXD4;
				INFOPLIST_FILE = insert/Info.plist;
				LD_RUNPATH_SEARCH_PATHS = "$(inherited) @executable_path/Frameworks";
				PRODUCT_BUNDLE_IDENTIFIER = com.cuttieapps.insert;
				PRODUCT_NAME = "$(TARGET_NAME)";
				SWIFT_VERSION = 3.0;
			};
			name = Debug;
		};
		3B2A531E1E30573500F9C0A6 /* Release */ = {
			isa = XCBuildConfiguration;
			buildSettings = {
				ALWAYS_EMBED_SWIFT_STANDARD_LIBRARIES = YES;
				ASSETCATALOG_COMPILER_APPICON_NAME = AppIcon;
				CODE_SIGN_ENTITLEMENTS = insert/insert.entitlements;
				DEVELOPMENT_TEAM = Q9S3S8XXD4;
				INFOPLIST_FILE = insert/Info.plist;
				LD_RUNPATH_SEARCH_PATHS = "$(inherited) @executable_path/Frameworks";
				PRODUCT_BUNDLE_IDENTIFIER = com.cuttieapps.insert;
				PRODUCT_NAME = "$(TARGET_NAME)";
				SWIFT_VERSION = 3.0;
			};
			name = Release;
		};
		3B5A3D7A1E3FDA2C00014260 /* Debug */ = {
			isa = XCBuildConfiguration;
			buildSettings = {
				CODE_SIGN_ENTITLEMENTS = ShareExtension/ShareExtension.entitlements;
				DEVELOPMENT_TEAM = Q9S3S8XXD4;
				INFOPLIST_FILE = ShareExtension/Info.plist;
				LD_RUNPATH_SEARCH_PATHS = "$(inherited) @executable_path/Frameworks @executable_path/../../Frameworks";
				PRODUCT_BUNDLE_IDENTIFIER = com.cuttieapps.insert.ShareExtension;
				PRODUCT_NAME = "$(TARGET_NAME)";
				SKIP_INSTALL = YES;
				SWIFT_VERSION = 3.0;
			};
			name = Debug;
		};
		3B5A3D7B1E3FDA2C00014260 /* Release */ = {
			isa = XCBuildConfiguration;
			buildSettings = {
				CODE_SIGN_ENTITLEMENTS = ShareExtension/ShareExtension.entitlements;
				DEVELOPMENT_TEAM = Q9S3S8XXD4;
				INFOPLIST_FILE = ShareExtension/Info.plist;
				LD_RUNPATH_SEARCH_PATHS = "$(inherited) @executable_path/Frameworks @executable_path/../../Frameworks";
				PRODUCT_BUNDLE_IDENTIFIER = com.cuttieapps.insert.ShareExtension;
				PRODUCT_NAME = "$(TARGET_NAME)";
				SKIP_INSTALL = YES;
				SWIFT_VERSION = 3.0;
			};
			name = Release;
		};
/* End XCBuildConfiguration section */

/* Begin XCConfigurationList section */
		3B2A53021E30573400F9C0A6 /* Build configuration list for PBXProject "insert" */ = {
			isa = XCConfigurationList;
			buildConfigurations = (
				3B2A531A1E30573500F9C0A6 /* Debug */,
				3B2A531B1E30573500F9C0A6 /* Release */,
			);
			defaultConfigurationIsVisible = 0;
			defaultConfigurationName = Release;
		};
		3B2A531C1E30573500F9C0A6 /* Build configuration list for PBXNativeTarget "insert" */ = {
			isa = XCConfigurationList;
			buildConfigurations = (
				3B2A531D1E30573500F9C0A6 /* Debug */,
				3B2A531E1E30573500F9C0A6 /* Release */,
			);
			defaultConfigurationIsVisible = 0;
			defaultConfigurationName = Release;
		};
		3B5A3D7C1E3FDA2C00014260 /* Build configuration list for PBXNativeTarget "ShareExtension" */ = {
			isa = XCConfigurationList;
			buildConfigurations = (
				3B5A3D7A1E3FDA2C00014260 /* Debug */,
				3B5A3D7B1E3FDA2C00014260 /* Release */,
			);
			defaultConfigurationIsVisible = 0;
		};
/* End XCConfigurationList section */

/* Begin XCVersionGroup section */
		3B2A53111E30573500F9C0A6 /* insert.xcdatamodeld */ = {
			isa = XCVersionGroup;
			children = (
				3B2A53121E30573500F9C0A6 /* insert.xcdatamodel */,
			);
			currentVersion = 3B2A53121E30573500F9C0A6 /* insert.xcdatamodel */;
			path = insert.xcdatamodeld;
			sourceTree = "<group>";
			versionGroupType = wrapper.xcdatamodel;
		};
/* End XCVersionGroup section */
	};
	rootObject = 3B2A52FF1E30573400F9C0A6 /* Project object */;
}
